
Microsoft Visual Studio Solution File, Format Version 12.00
# Visual Studio Version 16
VisualStudioVersion = 16.0.31410.223
MinimumVisualStudioVersion = 10.0.40219.1
Project("{D954291E-2A0B-460D-934E-DC6B0785DB48}") = "posuno.Shared", "posuno\posuno.Shared\posuno.Shared.shproj", "{6279C845-92F8-4333-AB99-3D213163593C}"
EndProject
Project("{2150E333-8FDC-42A3-9474-1A3956D46DE8}") = "Platforms", "Platforms", "{02611846-372A-4F63-90F6-7F6FE83B0753}"
EndProject
Project("{FAE04EC0-301F-11D3-BF4B-00C04F79EFBC}") = "posuno.Droid", "posuno\posuno.Droid\posuno.Droid.csproj", "{AF7B6219-100C-4F1E-980C-B2D21164BCE1}"
EndProject
Project("{FAE04EC0-301F-11D3-BF4B-00C04F79EFBC}") = "posuno.iOS", "posuno\posuno.iOS\posuno.iOS.csproj", "{C208CB1A-2169-411B-B80B-9FCEFAEBED8D}"
EndProject
Project("{FAE04EC0-301F-11D3-BF4B-00C04F79EFBC}") = "posuno.UWP", "posuno\posuno.UWP\posuno.UWP.csproj", "{C455FFEA-C82B-4746-B980-54C7B3DC1AC3}"
EndProject
Project("{9A19103F-16F7-4668-BE54-9A1E7A4F7556}") = "posuno.Wasm", "posuno\posuno.Wasm\posuno.Wasm.csproj", "{867DA379-102E-45EA-9CE2-BEC01D84D976}"
EndProject
Project("{FAE04EC0-301F-11D3-BF4B-00C04F79EFBC}") = "posuno.macOS", "posuno\posuno.macOS\posuno.macOS.csproj", "{96101AFD-B866-4F9F-A728-27EC8B17BF71}"
EndProject
Project("{9A19103F-16F7-4668-BE54-9A1E7A4F7556}") = "posuno.Skia.Wpf.Host", "posuno\posuno.Skia.Wpf.Host\posuno.Skia.Wpf.Host.csproj", "{2FB85EE8-BE90-461D-91AB-916AE20B83E0}"
EndProject
Project("{9A19103F-16F7-4668-BE54-9A1E7A4F7556}") = "posuno.Skia.Wpf", "posuno\posuno.Skia.Wpf\posuno.Skia.Wpf.csproj", "{04D41153-A910-4CBE-9702-F98C3F2F93B0}"
EndProject
Project("{9A19103F-16F7-4668-BE54-9A1E7A4F7556}") = "posuno.Skia.Gtk", "posuno\posuno.Skia.Gtk\posuno.Skia.Gtk.csproj", "{42D38FF1-A4B9-4E3D-9239-0C5C114FC098}"
EndProject
Project("{9A19103F-16F7-4668-BE54-9A1E7A4F7556}") = "posuno.Skia.Tizen", "posuno\posuno.Skia.Tizen\posuno.Skia.Tizen.csproj", "{6639C6A1-0BA0-41E7-BAF1-19D7913AA409}"
EndProject
Project("{9A19103F-16F7-4668-BE54-9A1E7A4F7556}") = "posuno.Api", "..\posuno.Api\posuno.Api.csproj", "{E2D0D102-B1C1-494D-BCC3-5B7C0BCD8729}"
EndProject
Global
	GlobalSection(SharedMSBuildProjectFiles) = preSolution
		posuno\posuno.Shared\posuno.Shared.projitems*{04d41153-a910-4cbe-9702-f98c3f2f93b0}*SharedItemsImports = 5
		posuno\posuno.Shared\posuno.Shared.projitems*{42d38ff1-a4b9-4e3d-9239-0c5c114fc098}*SharedItemsImports = 5
		posuno\posuno.Shared\posuno.Shared.projitems*{6279c845-92f8-4333-ab99-3d213163593c}*SharedItemsImports = 13
		posuno\posuno.Shared\posuno.Shared.projitems*{6639c6a1-0ba0-41e7-baf1-19d7913aa409}*SharedItemsImports = 5
		posuno\posuno.Shared\posuno.Shared.projitems*{867da379-102e-45ea-9ce2-bec01d84d976}*SharedItemsImports = 5
		posuno\posuno.Shared\posuno.Shared.projitems*{96101afd-b866-4f9f-a728-27ec8b17bf71}*SharedItemsImports = 4
		posuno\posuno.Shared\posuno.Shared.projitems*{af7b6219-100c-4f1e-980c-b2d21164bce1}*SharedItemsImports = 4
		posuno\posuno.Shared\posuno.Shared.projitems*{c208cb1a-2169-411b-b80b-9fcefaebed8d}*SharedItemsImports = 4
		posuno\posuno.Shared\posuno.Shared.projitems*{c455ffea-c82b-4746-b980-54c7b3dc1ac3}*SharedItemsImports = 4
	EndGlobalSection
	GlobalSection(SolutionConfigurationPlatforms) = preSolution
		Ad-Hoc|Any CPU = Ad-Hoc|Any CPU
		Ad-Hoc|ARM = Ad-Hoc|ARM
		Ad-Hoc|ARM64 = Ad-Hoc|ARM64
		Ad-Hoc|iPhone = Ad-Hoc|iPhone
		Ad-Hoc|iPhoneSimulator = Ad-Hoc|iPhoneSimulator
		Ad-Hoc|x64 = Ad-Hoc|x64
		Ad-Hoc|x86 = Ad-Hoc|x86
		AppStore|Any CPU = AppStore|Any CPU
		AppStore|ARM = AppStore|ARM
		AppStore|ARM64 = AppStore|ARM64
		AppStore|iPhone = AppStore|iPhone
		AppStore|iPhoneSimulator = AppStore|iPhoneSimulator
		AppStore|x64 = AppStore|x64
		AppStore|x86 = AppStore|x86
		Debug|Any CPU = Debug|Any CPU
		Debug|ARM = Debug|ARM
		Debug|ARM64 = Debug|ARM64
		Debug|iPhone = Debug|iPhone
		Debug|iPhoneSimulator = Debug|iPhoneSimulator
		Debug|x64 = Debug|x64
		Debug|x86 = Debug|x86
		Release|Any CPU = Release|Any CPU
		Release|ARM = Release|ARM
		Release|ARM64 = Release|ARM64
		Release|iPhone = Release|iPhone
		Release|iPhoneSimulator = Release|iPhoneSimulator
		Release|x64 = Release|x64
		Release|x86 = Release|x86
	EndGlobalSection
	GlobalSection(ProjectConfigurationPlatforms) = postSolution
		{AF7B6219-100C-4F1E-980C-B2D21164BCE1}.Ad-Hoc|Any CPU.ActiveCfg = Debug|Any CPU
		{AF7B6219-100C-4F1E-980C-B2D21164BCE1}.Ad-Hoc|Any CPU.Build.0 = Debug|Any CPU
		{AF7B6219-100C-4F1E-980C-B2D21164BCE1}.Ad-Hoc|Any CPU.Deploy.0 = Debug|Any CPU
		{AF7B6219-100C-4F1E-980C-B2D21164BCE1}.Ad-Hoc|ARM.ActiveCfg = Debug|Any CPU
		{AF7B6219-100C-4F1E-980C-B2D21164BCE1}.Ad-Hoc|ARM.Build.0 = Debug|Any CPU
		{AF7B6219-100C-4F1E-980C-B2D21164BCE1}.Ad-Hoc|ARM.Deploy.0 = Debug|Any CPU
		{AF7B6219-100C-4F1E-980C-B2D21164BCE1}.Ad-Hoc|ARM64.ActiveCfg = Debug|Any CPU
		{AF7B6219-100C-4F1E-980C-B2D21164BCE1}.Ad-Hoc|ARM64.Build.0 = Debug|Any CPU
		{AF7B6219-100C-4F1E-980C-B2D21164BCE1}.Ad-Hoc|ARM64.Deploy.0 = Debug|Any CPU
		{AF7B6219-100C-4F1E-980C-B2D21164BCE1}.Ad-Hoc|iPhone.ActiveCfg = Debug|Any CPU
		{AF7B6219-100C-4F1E-980C-B2D21164BCE1}.Ad-Hoc|iPhone.Build.0 = Debug|Any CPU
		{AF7B6219-100C-4F1E-980C-B2D21164BCE1}.Ad-Hoc|iPhone.Deploy.0 = Debug|Any CPU
		{AF7B6219-100C-4F1E-980C-B2D21164BCE1}.Ad-Hoc|iPhoneSimulator.ActiveCfg = Debug|Any CPU
		{AF7B6219-100C-4F1E-980C-B2D21164BCE1}.Ad-Hoc|iPhoneSimulator.Build.0 = Debug|Any CPU
		{AF7B6219-100C-4F1E-980C-B2D21164BCE1}.Ad-Hoc|iPhoneSimulator.Deploy.0 = Debug|Any CPU
		{AF7B6219-100C-4F1E-980C-B2D21164BCE1}.Ad-Hoc|x64.ActiveCfg = Debug|Any CPU
		{AF7B6219-100C-4F1E-980C-B2D21164BCE1}.Ad-Hoc|x64.Build.0 = Debug|Any CPU
		{AF7B6219-100C-4F1E-980C-B2D21164BCE1}.Ad-Hoc|x64.Deploy.0 = Debug|Any CPU
		{AF7B6219-100C-4F1E-980C-B2D21164BCE1}.Ad-Hoc|x86.ActiveCfg = Debug|Any CPU
		{AF7B6219-100C-4F1E-980C-B2D21164BCE1}.Ad-Hoc|x86.Build.0 = Debug|Any CPU
		{AF7B6219-100C-4F1E-980C-B2D21164BCE1}.Ad-Hoc|x86.Deploy.0 = Debug|Any CPU
		{AF7B6219-100C-4F1E-980C-B2D21164BCE1}.AppStore|Any CPU.ActiveCfg = Debug|Any CPU
		{AF7B6219-100C-4F1E-980C-B2D21164BCE1}.AppStore|Any CPU.Build.0 = Debug|Any CPU
		{AF7B6219-100C-4F1E-980C-B2D21164BCE1}.AppStore|Any CPU.Deploy.0 = Debug|Any CPU
		{AF7B6219-100C-4F1E-980C-B2D21164BCE1}.AppStore|ARM.ActiveCfg = Debug|Any CPU
		{AF7B6219-100C-4F1E-980C-B2D21164BCE1}.AppStore|ARM.Build.0 = Debug|Any CPU
		{AF7B6219-100C-4F1E-980C-B2D21164BCE1}.AppStore|ARM.Deploy.0 = Debug|Any CPU
		{AF7B6219-100C-4F1E-980C-B2D21164BCE1}.AppStore|ARM64.ActiveCfg = Debug|Any CPU
		{AF7B6219-100C-4F1E-980C-B2D21164BCE1}.AppStore|ARM64.Build.0 = Debug|Any CPU
		{AF7B6219-100C-4F1E-980C-B2D21164BCE1}.AppStore|ARM64.Deploy.0 = Debug|Any CPU
		{AF7B6219-100C-4F1E-980C-B2D21164BCE1}.AppStore|iPhone.ActiveCfg = Debug|Any CPU
		{AF7B6219-100C-4F1E-980C-B2D21164BCE1}.AppStore|iPhone.Build.0 = Debug|Any CPU
		{AF7B6219-100C-4F1E-980C-B2D21164BCE1}.AppStore|iPhone.Deploy.0 = Debug|Any CPU
		{AF7B6219-100C-4F1E-980C-B2D21164BCE1}.AppStore|iPhoneSimulator.ActiveCfg = Debug|Any CPU
		{AF7B6219-100C-4F1E-980C-B2D21164BCE1}.AppStore|iPhoneSimulator.Build.0 = Debug|Any CPU
		{AF7B6219-100C-4F1E-980C-B2D21164BCE1}.AppStore|iPhoneSimulator.Deploy.0 = Debug|Any CPU
		{AF7B6219-100C-4F1E-980C-B2D21164BCE1}.AppStore|x64.ActiveCfg = Debug|Any CPU
		{AF7B6219-100C-4F1E-980C-B2D21164BCE1}.AppStore|x64.Build.0 = Debug|Any CPU
		{AF7B6219-100C-4F1E-980C-B2D21164BCE1}.AppStore|x64.Deploy.0 = Debug|Any CPU
		{AF7B6219-100C-4F1E-980C-B2D21164BCE1}.AppStore|x86.ActiveCfg = Debug|Any CPU
		{AF7B6219-100C-4F1E-980C-B2D21164BCE1}.AppStore|x86.Build.0 = Debug|Any CPU
		{AF7B6219-100C-4F1E-980C-B2D21164BCE1}.AppStore|x86.Deploy.0 = Debug|Any CPU
		{AF7B6219-100C-4F1E-980C-B2D21164BCE1}.Debug|Any CPU.ActiveCfg = Debug|Any CPU
		{AF7B6219-100C-4F1E-980C-B2D21164BCE1}.Debug|ARM.ActiveCfg = Debug|Any CPU
		{AF7B6219-100C-4F1E-980C-B2D21164BCE1}.Debug|ARM.Build.0 = Debug|Any CPU
		{AF7B6219-100C-4F1E-980C-B2D21164BCE1}.Debug|ARM.Deploy.0 = Debug|Any CPU
		{AF7B6219-100C-4F1E-980C-B2D21164BCE1}.Debug|ARM64.ActiveCfg = Debug|Any CPU
		{AF7B6219-100C-4F1E-980C-B2D21164BCE1}.Debug|ARM64.Build.0 = Debug|Any CPU
		{AF7B6219-100C-4F1E-980C-B2D21164BCE1}.Debug|ARM64.Deploy.0 = Debug|Any CPU
		{AF7B6219-100C-4F1E-980C-B2D21164BCE1}.Debug|iPhone.ActiveCfg = Debug|Any CPU
		{AF7B6219-100C-4F1E-980C-B2D21164BCE1}.Debug|iPhone.Build.0 = Debug|Any CPU
		{AF7B6219-100C-4F1E-980C-B2D21164BCE1}.Debug|iPhone.Deploy.0 = Debug|Any CPU
		{AF7B6219-100C-4F1E-980C-B2D21164BCE1}.Debug|iPhoneSimulator.ActiveCfg = Debug|Any CPU
		{AF7B6219-100C-4F1E-980C-B2D21164BCE1}.Debug|iPhoneSimulator.Build.0 = Debug|Any CPU
		{AF7B6219-100C-4F1E-980C-B2D21164BCE1}.Debug|iPhoneSimulator.Deploy.0 = Debug|Any CPU
		{AF7B6219-100C-4F1E-980C-B2D21164BCE1}.Debug|x64.ActiveCfg = Debug|Any CPU
		{AF7B6219-100C-4F1E-980C-B2D21164BCE1}.Debug|x64.Build.0 = Debug|Any CPU
		{AF7B6219-100C-4F1E-980C-B2D21164BCE1}.Debug|x64.Deploy.0 = Debug|Any CPU
		{AF7B6219-100C-4F1E-980C-B2D21164BCE1}.Debug|x86.ActiveCfg = Debug|Any CPU
		{AF7B6219-100C-4F1E-980C-B2D21164BCE1}.Debug|x86.Build.0 = Debug|Any CPU
		{AF7B6219-100C-4F1E-980C-B2D21164BCE1}.Debug|x86.Deploy.0 = Debug|Any CPU
		{AF7B6219-100C-4F1E-980C-B2D21164BCE1}.Release|Any CPU.ActiveCfg = Release|Any CPU
		{AF7B6219-100C-4F1E-980C-B2D21164BCE1}.Release|Any CPU.Build.0 = Release|Any CPU
		{AF7B6219-100C-4F1E-980C-B2D21164BCE1}.Release|Any CPU.Deploy.0 = Release|Any CPU
		{AF7B6219-100C-4F1E-980C-B2D21164BCE1}.Release|ARM.ActiveCfg = Release|Any CPU
		{AF7B6219-100C-4F1E-980C-B2D21164BCE1}.Release|ARM.Build.0 = Release|Any CPU
		{AF7B6219-100C-4F1E-980C-B2D21164BCE1}.Release|ARM.Deploy.0 = Release|Any CPU
		{AF7B6219-100C-4F1E-980C-B2D21164BCE1}.Release|ARM64.ActiveCfg = Release|Any CPU
		{AF7B6219-100C-4F1E-980C-B2D21164BCE1}.Release|ARM64.Build.0 = Release|Any CPU
		{AF7B6219-100C-4F1E-980C-B2D21164BCE1}.Release|ARM64.Deploy.0 = Release|Any CPU
		{AF7B6219-100C-4F1E-980C-B2D21164BCE1}.Release|iPhone.ActiveCfg = Release|Any CPU
		{AF7B6219-100C-4F1E-980C-B2D21164BCE1}.Release|iPhone.Build.0 = Release|Any CPU
		{AF7B6219-100C-4F1E-980C-B2D21164BCE1}.Release|iPhone.Deploy.0 = Release|Any CPU
		{AF7B6219-100C-4F1E-980C-B2D21164BCE1}.Release|iPhoneSimulator.ActiveCfg = Release|Any CPU
		{AF7B6219-100C-4F1E-980C-B2D21164BCE1}.Release|iPhoneSimulator.Build.0 = Release|Any CPU
		{AF7B6219-100C-4F1E-980C-B2D21164BCE1}.Release|iPhoneSimulator.Deploy.0 = Release|Any CPU
		{AF7B6219-100C-4F1E-980C-B2D21164BCE1}.Release|x64.ActiveCfg = Release|Any CPU
		{AF7B6219-100C-4F1E-980C-B2D21164BCE1}.Release|x64.Build.0 = Release|Any CPU
		{AF7B6219-100C-4F1E-980C-B2D21164BCE1}.Release|x64.Deploy.0 = Release|Any CPU
		{AF7B6219-100C-4F1E-980C-B2D21164BCE1}.Release|x86.ActiveCfg = Release|Any CPU
		{AF7B6219-100C-4F1E-980C-B2D21164BCE1}.Release|x86.Build.0 = Release|Any CPU
		{AF7B6219-100C-4F1E-980C-B2D21164BCE1}.Release|x86.Deploy.0 = Release|Any CPU
		{C208CB1A-2169-411B-B80B-9FCEFAEBED8D}.Ad-Hoc|Any CPU.ActiveCfg = Ad-Hoc|iPhoneSimulator
		{C208CB1A-2169-411B-B80B-9FCEFAEBED8D}.Ad-Hoc|ARM.ActiveCfg = Ad-Hoc|iPhoneSimulator
		{C208CB1A-2169-411B-B80B-9FCEFAEBED8D}.Ad-Hoc|ARM64.ActiveCfg = Ad-Hoc|iPhoneSimulator
		{C208CB1A-2169-411B-B80B-9FCEFAEBED8D}.Ad-Hoc|iPhone.ActiveCfg = Ad-Hoc|iPhone
		{C208CB1A-2169-411B-B80B-9FCEFAEBED8D}.Ad-Hoc|iPhone.Build.0 = Ad-Hoc|iPhone
		{C208CB1A-2169-411B-B80B-9FCEFAEBED8D}.Ad-Hoc|iPhoneSimulator.ActiveCfg = Ad-Hoc|iPhoneSimulator
		{C208CB1A-2169-411B-B80B-9FCEFAEBED8D}.Ad-Hoc|iPhoneSimulator.Build.0 = Ad-Hoc|iPhoneSimulator
		{C208CB1A-2169-411B-B80B-9FCEFAEBED8D}.Ad-Hoc|x64.ActiveCfg = Ad-Hoc|iPhoneSimulator
		{C208CB1A-2169-411B-B80B-9FCEFAEBED8D}.Ad-Hoc|x86.ActiveCfg = Ad-Hoc|iPhoneSimulator
		{C208CB1A-2169-411B-B80B-9FCEFAEBED8D}.AppStore|Any CPU.ActiveCfg = AppStore|iPhoneSimulator
		{C208CB1A-2169-411B-B80B-9FCEFAEBED8D}.AppStore|ARM.ActiveCfg = AppStore|iPhoneSimulator
		{C208CB1A-2169-411B-B80B-9FCEFAEBED8D}.AppStore|ARM64.ActiveCfg = AppStore|iPhoneSimulator
		{C208CB1A-2169-411B-B80B-9FCEFAEBED8D}.AppStore|iPhone.ActiveCfg = AppStore|iPhone
		{C208CB1A-2169-411B-B80B-9FCEFAEBED8D}.AppStore|iPhone.Build.0 = AppStore|iPhone
		{C208CB1A-2169-411B-B80B-9FCEFAEBED8D}.AppStore|iPhoneSimulator.ActiveCfg = AppStore|iPhoneSimulator
		{C208CB1A-2169-411B-B80B-9FCEFAEBED8D}.AppStore|iPhoneSimulator.Build.0 = AppStore|iPhoneSimulator
		{C208CB1A-2169-411B-B80B-9FCEFAEBED8D}.AppStore|x64.ActiveCfg = AppStore|iPhoneSimulator
		{C208CB1A-2169-411B-B80B-9FCEFAEBED8D}.AppStore|x86.ActiveCfg = AppStore|iPhoneSimulator
		{C208CB1A-2169-411B-B80B-9FCEFAEBED8D}.Debug|Any CPU.ActiveCfg = Debug|iPhoneSimulator
		{C208CB1A-2169-411B-B80B-9FCEFAEBED8D}.Debug|ARM.ActiveCfg = Debug|iPhoneSimulator
		{C208CB1A-2169-411B-B80B-9FCEFAEBED8D}.Debug|ARM64.ActiveCfg = Debug|iPhoneSimulator
		{C208CB1A-2169-411B-B80B-9FCEFAEBED8D}.Debug|iPhone.ActiveCfg = Debug|iPhone
		{C208CB1A-2169-411B-B80B-9FCEFAEBED8D}.Debug|iPhone.Build.0 = Debug|iPhone
		{C208CB1A-2169-411B-B80B-9FCEFAEBED8D}.Debug|iPhoneSimulator.ActiveCfg = Debug|iPhoneSimulator
		{C208CB1A-2169-411B-B80B-9FCEFAEBED8D}.Debug|iPhoneSimulator.Build.0 = Debug|iPhoneSimulator
		{C208CB1A-2169-411B-B80B-9FCEFAEBED8D}.Debug|x64.ActiveCfg = Debug|iPhoneSimulator
		{C208CB1A-2169-411B-B80B-9FCEFAEBED8D}.Debug|x86.ActiveCfg = Debug|iPhoneSimulator
		{C208CB1A-2169-411B-B80B-9FCEFAEBED8D}.Release|Any CPU.ActiveCfg = Release|iPhoneSimulator
		{C208CB1A-2169-411B-B80B-9FCEFAEBED8D}.Release|ARM.ActiveCfg = Release|iPhoneSimulator
		{C208CB1A-2169-411B-B80B-9FCEFAEBED8D}.Release|ARM64.ActiveCfg = Release|iPhoneSimulator
		{C208CB1A-2169-411B-B80B-9FCEFAEBED8D}.Release|iPhone.ActiveCfg = Release|iPhone
		{C208CB1A-2169-411B-B80B-9FCEFAEBED8D}.Release|iPhone.Build.0 = Release|iPhone
		{C208CB1A-2169-411B-B80B-9FCEFAEBED8D}.Release|iPhoneSimulator.ActiveCfg = Release|iPhoneSimulator
		{C208CB1A-2169-411B-B80B-9FCEFAEBED8D}.Release|iPhoneSimulator.Build.0 = Release|iPhoneSimulator
		{C208CB1A-2169-411B-B80B-9FCEFAEBED8D}.Release|x64.ActiveCfg = Release|iPhoneSimulator
		{C208CB1A-2169-411B-B80B-9FCEFAEBED8D}.Release|x86.ActiveCfg = Release|iPhoneSimulator
		{C455FFEA-C82B-4746-B980-54C7B3DC1AC3}.Ad-Hoc|Any CPU.ActiveCfg = Debug|x86
		{C455FFEA-C82B-4746-B980-54C7B3DC1AC3}.Ad-Hoc|Any CPU.Build.0 = Debug|x86
		{C455FFEA-C82B-4746-B980-54C7B3DC1AC3}.Ad-Hoc|Any CPU.Deploy.0 = Debug|x86
		{C455FFEA-C82B-4746-B980-54C7B3DC1AC3}.Ad-Hoc|ARM.ActiveCfg = Debug|ARM
		{C455FFEA-C82B-4746-B980-54C7B3DC1AC3}.Ad-Hoc|ARM.Build.0 = Debug|ARM
		{C455FFEA-C82B-4746-B980-54C7B3DC1AC3}.Ad-Hoc|ARM.Deploy.0 = Debug|ARM
		{C455FFEA-C82B-4746-B980-54C7B3DC1AC3}.Ad-Hoc|ARM64.ActiveCfg = Debug|ARM64
		{C455FFEA-C82B-4746-B980-54C7B3DC1AC3}.Ad-Hoc|ARM64.Build.0 = Debug|ARM64
		{C455FFEA-C82B-4746-B980-54C7B3DC1AC3}.Ad-Hoc|ARM64.Deploy.0 = Debug|ARM64
		{C455FFEA-C82B-4746-B980-54C7B3DC1AC3}.Ad-Hoc|iPhone.ActiveCfg = Debug|x86
		{C455FFEA-C82B-4746-B980-54C7B3DC1AC3}.Ad-Hoc|iPhone.Build.0 = Debug|x86
		{C455FFEA-C82B-4746-B980-54C7B3DC1AC3}.Ad-Hoc|iPhone.Deploy.0 = Debug|x86
		{C455FFEA-C82B-4746-B980-54C7B3DC1AC3}.Ad-Hoc|iPhoneSimulator.ActiveCfg = Debug|x86
		{C455FFEA-C82B-4746-B980-54C7B3DC1AC3}.Ad-Hoc|iPhoneSimulator.Build.0 = Debug|x86
		{C455FFEA-C82B-4746-B980-54C7B3DC1AC3}.Ad-Hoc|iPhoneSimulator.Deploy.0 = Debug|x86
		{C455FFEA-C82B-4746-B980-54C7B3DC1AC3}.Ad-Hoc|x64.ActiveCfg = Debug|x64
		{C455FFEA-C82B-4746-B980-54C7B3DC1AC3}.Ad-Hoc|x64.Build.0 = Debug|x64
		{C455FFEA-C82B-4746-B980-54C7B3DC1AC3}.Ad-Hoc|x64.Deploy.0 = Debug|x64
		{C455FFEA-C82B-4746-B980-54C7B3DC1AC3}.Ad-Hoc|x86.ActiveCfg = Debug|x86
		{C455FFEA-C82B-4746-B980-54C7B3DC1AC3}.Ad-Hoc|x86.Build.0 = Debug|x86
		{C455FFEA-C82B-4746-B980-54C7B3DC1AC3}.Ad-Hoc|x86.Deploy.0 = Debug|x86
		{C455FFEA-C82B-4746-B980-54C7B3DC1AC3}.AppStore|Any CPU.ActiveCfg = Debug|x86
		{C455FFEA-C82B-4746-B980-54C7B3DC1AC3}.AppStore|Any CPU.Build.0 = Debug|x86
		{C455FFEA-C82B-4746-B980-54C7B3DC1AC3}.AppStore|Any CPU.Deploy.0 = Debug|x86
		{C455FFEA-C82B-4746-B980-54C7B3DC1AC3}.AppStore|ARM.ActiveCfg = Debug|ARM
		{C455FFEA-C82B-4746-B980-54C7B3DC1AC3}.AppStore|ARM.Build.0 = Debug|ARM
		{C455FFEA-C82B-4746-B980-54C7B3DC1AC3}.AppStore|ARM.Deploy.0 = Debug|ARM
		{C455FFEA-C82B-4746-B980-54C7B3DC1AC3}.AppStore|ARM64.ActiveCfg = Debug|ARM64
		{C455FFEA-C82B-4746-B980-54C7B3DC1AC3}.AppStore|ARM64.Build.0 = Debug|ARM64
		{C455FFEA-C82B-4746-B980-54C7B3DC1AC3}.AppStore|ARM64.Deploy.0 = Debug|ARM64
		{C455FFEA-C82B-4746-B980-54C7B3DC1AC3}.AppStore|iPhone.ActiveCfg = Debug|x86
		{C455FFEA-C82B-4746-B980-54C7B3DC1AC3}.AppStore|iPhone.Build.0 = Debug|x86
		{C455FFEA-C82B-4746-B980-54C7B3DC1AC3}.AppStore|iPhone.Deploy.0 = Debug|x86
		{C455FFEA-C82B-4746-B980-54C7B3DC1AC3}.AppStore|iPhoneSimulator.ActiveCfg = Debug|x86
		{C455FFEA-C82B-4746-B980-54C7B3DC1AC3}.AppStore|iPhoneSimulator.Build.0 = Debug|x86
		{C455FFEA-C82B-4746-B980-54C7B3DC1AC3}.AppStore|iPhoneSimulator.Deploy.0 = Debug|x86
		{C455FFEA-C82B-4746-B980-54C7B3DC1AC3}.AppStore|x64.ActiveCfg = Debug|x64
		{C455FFEA-C82B-4746-B980-54C7B3DC1AC3}.AppStore|x64.Build.0 = Debug|x64
		{C455FFEA-C82B-4746-B980-54C7B3DC1AC3}.AppStore|x64.Deploy.0 = Debug|x64
		{C455FFEA-C82B-4746-B980-54C7B3DC1AC3}.AppStore|x86.ActiveCfg = Debug|x86
		{C455FFEA-C82B-4746-B980-54C7B3DC1AC3}.AppStore|x86.Build.0 = Debug|x86
		{C455FFEA-C82B-4746-B980-54C7B3DC1AC3}.AppStore|x86.Deploy.0 = Debug|x86
		{C455FFEA-C82B-4746-B980-54C7B3DC1AC3}.Debug|Any CPU.ActiveCfg = Debug|x86
		{C455FFEA-C82B-4746-B980-54C7B3DC1AC3}.Debug|ARM.ActiveCfg = Debug|ARM
		{C455FFEA-C82B-4746-B980-54C7B3DC1AC3}.Debug|ARM.Build.0 = Debug|ARM
		{C455FFEA-C82B-4746-B980-54C7B3DC1AC3}.Debug|ARM.Deploy.0 = Debug|ARM
		{C455FFEA-C82B-4746-B980-54C7B3DC1AC3}.Debug|ARM64.ActiveCfg = Debug|ARM64
		{C455FFEA-C82B-4746-B980-54C7B3DC1AC3}.Debug|ARM64.Build.0 = Debug|ARM64
		{C455FFEA-C82B-4746-B980-54C7B3DC1AC3}.Debug|ARM64.Deploy.0 = Debug|ARM64
		{C455FFEA-C82B-4746-B980-54C7B3DC1AC3}.Debug|iPhone.ActiveCfg = Debug|x86
		{C455FFEA-C82B-4746-B980-54C7B3DC1AC3}.Debug|iPhoneSimulator.ActiveCfg = Debug|x86
		{C455FFEA-C82B-4746-B980-54C7B3DC1AC3}.Debug|x64.ActiveCfg = Debug|x64
		{C455FFEA-C82B-4746-B980-54C7B3DC1AC3}.Debug|x64.Build.0 = Debug|x64
		{C455FFEA-C82B-4746-B980-54C7B3DC1AC3}.Debug|x64.Deploy.0 = Debug|x64
		{C455FFEA-C82B-4746-B980-54C7B3DC1AC3}.Debug|x86.ActiveCfg = Debug|x86
		{C455FFEA-C82B-4746-B980-54C7B3DC1AC3}.Debug|x86.Build.0 = Debug|x86
		{C455FFEA-C82B-4746-B980-54C7B3DC1AC3}.Debug|x86.Deploy.0 = Debug|x86
		{C455FFEA-C82B-4746-B980-54C7B3DC1AC3}.Release|Any CPU.ActiveCfg = Release|x86
		{C455FFEA-C82B-4746-B980-54C7B3DC1AC3}.Release|ARM.ActiveCfg = Release|ARM
		{C455FFEA-C82B-4746-B980-54C7B3DC1AC3}.Release|ARM.Build.0 = Release|ARM
		{C455FFEA-C82B-4746-B980-54C7B3DC1AC3}.Release|ARM.Deploy.0 = Release|ARM
		{C455FFEA-C82B-4746-B980-54C7B3DC1AC3}.Release|ARM64.ActiveCfg = Release|ARM64
		{C455FFEA-C82B-4746-B980-54C7B3DC1AC3}.Release|ARM64.Build.0 = Release|ARM64
		{C455FFEA-C82B-4746-B980-54C7B3DC1AC3}.Release|ARM64.Deploy.0 = Release|ARM64
		{C455FFEA-C82B-4746-B980-54C7B3DC1AC3}.Release|iPhone.ActiveCfg = Release|x86
		{C455FFEA-C82B-4746-B980-54C7B3DC1AC3}.Release|iPhoneSimulator.ActiveCfg = Release|x86
		{C455FFEA-C82B-4746-B980-54C7B3DC1AC3}.Release|x64.ActiveCfg = Release|x64
		{C455FFEA-C82B-4746-B980-54C7B3DC1AC3}.Release|x64.Build.0 = Release|x64
		{C455FFEA-C82B-4746-B980-54C7B3DC1AC3}.Release|x64.Deploy.0 = Release|x64
		{C455FFEA-C82B-4746-B980-54C7B3DC1AC3}.Release|x86.ActiveCfg = Release|x86
		{C455FFEA-C82B-4746-B980-54C7B3DC1AC3}.Release|x86.Build.0 = Release|x86
		{C455FFEA-C82B-4746-B980-54C7B3DC1AC3}.Release|x86.Deploy.0 = Release|x86
		{867DA379-102E-45EA-9CE2-BEC01D84D976}.Ad-Hoc|Any CPU.ActiveCfg = Debug|Any CPU
		{867DA379-102E-45EA-9CE2-BEC01D84D976}.Ad-Hoc|Any CPU.Build.0 = Debug|Any CPU
		{867DA379-102E-45EA-9CE2-BEC01D84D976}.Ad-Hoc|ARM.ActiveCfg = Debug|Any CPU
		{867DA379-102E-45EA-9CE2-BEC01D84D976}.Ad-Hoc|ARM.Build.0 = Debug|Any CPU
		{867DA379-102E-45EA-9CE2-BEC01D84D976}.Ad-Hoc|ARM64.ActiveCfg = Debug|Any CPU
		{867DA379-102E-45EA-9CE2-BEC01D84D976}.Ad-Hoc|ARM64.Build.0 = Debug|Any CPU
		{867DA379-102E-45EA-9CE2-BEC01D84D976}.Ad-Hoc|iPhone.ActiveCfg = Debug|Any CPU
		{867DA379-102E-45EA-9CE2-BEC01D84D976}.Ad-Hoc|iPhone.Build.0 = Debug|Any CPU
		{867DA379-102E-45EA-9CE2-BEC01D84D976}.Ad-Hoc|iPhoneSimulator.ActiveCfg = Debug|Any CPU
		{867DA379-102E-45EA-9CE2-BEC01D84D976}.Ad-Hoc|iPhoneSimulator.Build.0 = Debug|Any CPU
		{867DA379-102E-45EA-9CE2-BEC01D84D976}.Ad-Hoc|x64.ActiveCfg = Debug|Any CPU
		{867DA379-102E-45EA-9CE2-BEC01D84D976}.Ad-Hoc|x64.Build.0 = Debug|Any CPU
		{867DA379-102E-45EA-9CE2-BEC01D84D976}.Ad-Hoc|x86.ActiveCfg = Debug|Any CPU
		{867DA379-102E-45EA-9CE2-BEC01D84D976}.Ad-Hoc|x86.Build.0 = Debug|Any CPU
		{867DA379-102E-45EA-9CE2-BEC01D84D976}.AppStore|Any CPU.ActiveCfg = Debug|Any CPU
		{867DA379-102E-45EA-9CE2-BEC01D84D976}.AppStore|Any CPU.Build.0 = Debug|Any CPU
		{867DA379-102E-45EA-9CE2-BEC01D84D976}.AppStore|ARM.ActiveCfg = Debug|Any CPU
		{867DA379-102E-45EA-9CE2-BEC01D84D976}.AppStore|ARM.Build.0 = Debug|Any CPU
		{867DA379-102E-45EA-9CE2-BEC01D84D976}.AppStore|ARM64.ActiveCfg = Debug|Any CPU
		{867DA379-102E-45EA-9CE2-BEC01D84D976}.AppStore|ARM64.Build.0 = Debug|Any CPU
		{867DA379-102E-45EA-9CE2-BEC01D84D976}.AppStore|iPhone.ActiveCfg = Debug|Any CPU
		{867DA379-102E-45EA-9CE2-BEC01D84D976}.AppStore|iPhone.Build.0 = Debug|Any CPU
		{867DA379-102E-45EA-9CE2-BEC01D84D976}.AppStore|iPhoneSimulator.ActiveCfg = Debug|Any CPU
		{867DA379-102E-45EA-9CE2-BEC01D84D976}.AppStore|iPhoneSimulator.Build.0 = Debug|Any CPU
		{867DA379-102E-45EA-9CE2-BEC01D84D976}.AppStore|x64.ActiveCfg = Debug|Any CPU
		{867DA379-102E-45EA-9CE2-BEC01D84D976}.AppStore|x64.Build.0 = Debug|Any CPU
		{867DA379-102E-45EA-9CE2-BEC01D84D976}.AppStore|x86.ActiveCfg = Debug|Any CPU
		{867DA379-102E-45EA-9CE2-BEC01D84D976}.AppStore|x86.Build.0 = Debug|Any CPU
		{867DA379-102E-45EA-9CE2-BEC01D84D976}.Debug|Any CPU.ActiveCfg = Debug|Any CPU
		{867DA379-102E-45EA-9CE2-BEC01D84D976}.Debug|ARM.ActiveCfg = Debug|Any CPU
		{867DA379-102E-45EA-9CE2-BEC01D84D976}.Debug|ARM.Build.0 = Debug|Any CPU
		{867DA379-102E-45EA-9CE2-BEC01D84D976}.Debug|ARM64.ActiveCfg = Debug|Any CPU
		{867DA379-102E-45EA-9CE2-BEC01D84D976}.Debug|ARM64.Build.0 = Debug|Any CPU
		{867DA379-102E-45EA-9CE2-BEC01D84D976}.Debug|iPhone.ActiveCfg = Debug|Any CPU
		{867DA379-102E-45EA-9CE2-BEC01D84D976}.Debug|iPhone.Build.0 = Debug|Any CPU
		{867DA379-102E-45EA-9CE2-BEC01D84D976}.Debug|iPhoneSimulator.ActiveCfg = Debug|Any CPU
		{867DA379-102E-45EA-9CE2-BEC01D84D976}.Debug|iPhoneSimulator.Build.0 = Debug|Any CPU
		{867DA379-102E-45EA-9CE2-BEC01D84D976}.Debug|x64.ActiveCfg = Debug|Any CPU
		{867DA379-102E-45EA-9CE2-BEC01D84D976}.Debug|x64.Build.0 = Debug|Any CPU
		{867DA379-102E-45EA-9CE2-BEC01D84D976}.Debug|x86.ActiveCfg = Debug|Any CPU
		{867DA379-102E-45EA-9CE2-BEC01D84D976}.Debug|x86.Build.0 = Debug|Any CPU
		{867DA379-102E-45EA-9CE2-BEC01D84D976}.Release|Any CPU.ActiveCfg = Release|Any CPU
		{867DA379-102E-45EA-9CE2-BEC01D84D976}.Release|Any CPU.Build.0 = Release|Any CPU
		{867DA379-102E-45EA-9CE2-BEC01D84D976}.Release|ARM.ActiveCfg = Release|Any CPU
		{867DA379-102E-45EA-9CE2-BEC01D84D976}.Release|ARM.Build.0 = Release|Any CPU
		{867DA379-102E-45EA-9CE2-BEC01D84D976}.Release|ARM64.ActiveCfg = Release|Any CPU
		{867DA379-102E-45EA-9CE2-BEC01D84D976}.Release|ARM64.Build.0 = Release|Any CPU
		{867DA379-102E-45EA-9CE2-BEC01D84D976}.Release|iPhone.ActiveCfg = Release|Any CPU
		{867DA379-102E-45EA-9CE2-BEC01D84D976}.Release|iPhone.Build.0 = Release|Any CPU
		{867DA379-102E-45EA-9CE2-BEC01D84D976}.Release|iPhoneSimulator.ActiveCfg = Release|Any CPU
		{867DA379-102E-45EA-9CE2-BEC01D84D976}.Release|iPhoneSimulator.Build.0 = Release|Any CPU
		{867DA379-102E-45EA-9CE2-BEC01D84D976}.Release|x64.ActiveCfg = Release|Any CPU
		{867DA379-102E-45EA-9CE2-BEC01D84D976}.Release|x64.Build.0 = Release|Any CPU
		{867DA379-102E-45EA-9CE2-BEC01D84D976}.Release|x86.ActiveCfg = Release|Any CPU
		{867DA379-102E-45EA-9CE2-BEC01D84D976}.Release|x86.Build.0 = Release|Any CPU
		{96101AFD-B866-4F9F-A728-27EC8B17BF71}.Ad-Hoc|Any CPU.ActiveCfg = Debug|iPhoneSimulator
		{96101AFD-B866-4F9F-A728-27EC8B17BF71}.Ad-Hoc|Any CPU.Build.0 = Debug|iPhoneSimulator
		{96101AFD-B866-4F9F-A728-27EC8B17BF71}.Ad-Hoc|ARM.ActiveCfg = Debug|iPhoneSimulator
		{96101AFD-B866-4F9F-A728-27EC8B17BF71}.Ad-Hoc|ARM.Build.0 = Debug|iPhoneSimulator
		{96101AFD-B866-4F9F-A728-27EC8B17BF71}.Ad-Hoc|ARM64.ActiveCfg = Debug|iPhoneSimulator
		{96101AFD-B866-4F9F-A728-27EC8B17BF71}.Ad-Hoc|ARM64.Build.0 = Debug|iPhoneSimulator
		{96101AFD-B866-4F9F-A728-27EC8B17BF71}.Ad-Hoc|iPhone.ActiveCfg = Debug|iPhoneSimulator
		{96101AFD-B866-4F9F-A728-27EC8B17BF71}.Ad-Hoc|iPhone.Build.0 = Debug|iPhoneSimulator
		{96101AFD-B866-4F9F-A728-27EC8B17BF71}.Ad-Hoc|iPhoneSimulator.ActiveCfg = Debug|iPhoneSimulator
		{96101AFD-B866-4F9F-A728-27EC8B17BF71}.Ad-Hoc|iPhoneSimulator.Build.0 = Debug|iPhoneSimulator
		{96101AFD-B866-4F9F-A728-27EC8B17BF71}.Ad-Hoc|x64.ActiveCfg = Debug|iPhoneSimulator
		{96101AFD-B866-4F9F-A728-27EC8B17BF71}.Ad-Hoc|x64.Build.0 = Debug|iPhoneSimulator
		{96101AFD-B866-4F9F-A728-27EC8B17BF71}.Ad-Hoc|x86.ActiveCfg = Debug|iPhoneSimulator
		{96101AFD-B866-4F9F-A728-27EC8B17BF71}.Ad-Hoc|x86.Build.0 = Debug|iPhoneSimulator
		{96101AFD-B866-4F9F-A728-27EC8B17BF71}.AppStore|Any CPU.ActiveCfg = Debug|iPhoneSimulator
		{96101AFD-B866-4F9F-A728-27EC8B17BF71}.AppStore|Any CPU.Build.0 = Debug|iPhoneSimulator
		{96101AFD-B866-4F9F-A728-27EC8B17BF71}.AppStore|ARM.ActiveCfg = Debug|iPhoneSimulator
		{96101AFD-B866-4F9F-A728-27EC8B17BF71}.AppStore|ARM.Build.0 = Debug|iPhoneSimulator
		{96101AFD-B866-4F9F-A728-27EC8B17BF71}.AppStore|ARM64.ActiveCfg = Debug|iPhoneSimulator
		{96101AFD-B866-4F9F-A728-27EC8B17BF71}.AppStore|ARM64.Build.0 = Debug|iPhoneSimulator
		{96101AFD-B866-4F9F-A728-27EC8B17BF71}.AppStore|iPhone.ActiveCfg = Debug|iPhoneSimulator
		{96101AFD-B866-4F9F-A728-27EC8B17BF71}.AppStore|iPhone.Build.0 = Debug|iPhoneSimulator
		{96101AFD-B866-4F9F-A728-27EC8B17BF71}.AppStore|iPhoneSimulator.ActiveCfg = Debug|iPhoneSimulator
		{96101AFD-B866-4F9F-A728-27EC8B17BF71}.AppStore|iPhoneSimulator.Build.0 = Debug|iPhoneSimulator
		{96101AFD-B866-4F9F-A728-27EC8B17BF71}.AppStore|x64.ActiveCfg = Debug|iPhoneSimulator
		{96101AFD-B866-4F9F-A728-27EC8B17BF71}.AppStore|x64.Build.0 = Debug|iPhoneSimulator
		{96101AFD-B866-4F9F-A728-27EC8B17BF71}.AppStore|x86.ActiveCfg = Debug|iPhoneSimulator
		{96101AFD-B866-4F9F-A728-27EC8B17BF71}.AppStore|x86.Build.0 = Debug|iPhoneSimulator
		{96101AFD-B866-4F9F-A728-27EC8B17BF71}.Debug|Any CPU.ActiveCfg = Debug|iPhoneSimulator
		{96101AFD-B866-4F9F-A728-27EC8B17BF71}.Debug|ARM.ActiveCfg = Debug|iPhoneSimulator
		{96101AFD-B866-4F9F-A728-27EC8B17BF71}.Debug|ARM64.ActiveCfg = Debug|iPhoneSimulator
		{96101AFD-B866-4F9F-A728-27EC8B17BF71}.Debug|iPhone.ActiveCfg = Debug|iPhoneSimulator
		{96101AFD-B866-4F9F-A728-27EC8B17BF71}.Debug|iPhoneSimulator.ActiveCfg = Debug|iPhoneSimulator
		{96101AFD-B866-4F9F-A728-27EC8B17BF71}.Debug|iPhoneSimulator.Build.0 = Debug|iPhoneSimulator
		{96101AFD-B866-4F9F-A728-27EC8B17BF71}.Debug|x64.ActiveCfg = Debug|iPhoneSimulator
		{96101AFD-B866-4F9F-A728-27EC8B17BF71}.Debug|x86.ActiveCfg = Debug|iPhoneSimulator
		{96101AFD-B866-4F9F-A728-27EC8B17BF71}.Release|Any CPU.ActiveCfg = Release|iPhoneSimulator
		{96101AFD-B866-4F9F-A728-27EC8B17BF71}.Release|ARM.ActiveCfg = Release|iPhoneSimulator
		{96101AFD-B866-4F9F-A728-27EC8B17BF71}.Release|ARM64.ActiveCfg = Release|iPhoneSimulator
		{96101AFD-B866-4F9F-A728-27EC8B17BF71}.Release|iPhone.ActiveCfg = Release|iPhoneSimulator
		{96101AFD-B866-4F9F-A728-27EC8B17BF71}.Release|iPhoneSimulator.ActiveCfg = Release|iPhoneSimulator
		{96101AFD-B866-4F9F-A728-27EC8B17BF71}.Release|iPhoneSimulator.Build.0 = Release|iPhoneSimulator
		{96101AFD-B866-4F9F-A728-27EC8B17BF71}.Release|x64.ActiveCfg = Release|iPhoneSimulator
		{96101AFD-B866-4F9F-A728-27EC8B17BF71}.Release|x86.ActiveCfg = Release|iPhoneSimulator
		{2FB85EE8-BE90-461D-91AB-916AE20B83E0}.Ad-Hoc|Any CPU.ActiveCfg = Debug|Any CPU
		{2FB85EE8-BE90-461D-91AB-916AE20B83E0}.Ad-Hoc|Any CPU.Build.0 = Debug|Any CPU
		{2FB85EE8-BE90-461D-91AB-916AE20B83E0}.Ad-Hoc|ARM.ActiveCfg = Debug|Any CPU
		{2FB85EE8-BE90-461D-91AB-916AE20B83E0}.Ad-Hoc|ARM.Build.0 = Debug|Any CPU
		{2FB85EE8-BE90-461D-91AB-916AE20B83E0}.Ad-Hoc|ARM64.ActiveCfg = Debug|Any CPU
		{2FB85EE8-BE90-461D-91AB-916AE20B83E0}.Ad-Hoc|ARM64.Build.0 = Debug|Any CPU
		{2FB85EE8-BE90-461D-91AB-916AE20B83E0}.Ad-Hoc|iPhone.ActiveCfg = Debug|Any CPU
		{2FB85EE8-BE90-461D-91AB-916AE20B83E0}.Ad-Hoc|iPhone.Build.0 = Debug|Any CPU
		{2FB85EE8-BE90-461D-91AB-916AE20B83E0}.Ad-Hoc|iPhoneSimulator.ActiveCfg = Debug|Any CPU
		{2FB85EE8-BE90-461D-91AB-916AE20B83E0}.Ad-Hoc|iPhoneSimulator.Build.0 = Debug|Any CPU
		{2FB85EE8-BE90-461D-91AB-916AE20B83E0}.Ad-Hoc|x64.ActiveCfg = Debug|Any CPU
		{2FB85EE8-BE90-461D-91AB-916AE20B83E0}.Ad-Hoc|x64.Build.0 = Debug|Any CPU
		{2FB85EE8-BE90-461D-91AB-916AE20B83E0}.Ad-Hoc|x86.ActiveCfg = Debug|Any CPU
		{2FB85EE8-BE90-461D-91AB-916AE20B83E0}.Ad-Hoc|x86.Build.0 = Debug|Any CPU
		{2FB85EE8-BE90-461D-91AB-916AE20B83E0}.AppStore|Any CPU.ActiveCfg = Debug|Any CPU
		{2FB85EE8-BE90-461D-91AB-916AE20B83E0}.AppStore|Any CPU.Build.0 = Debug|Any CPU
		{2FB85EE8-BE90-461D-91AB-916AE20B83E0}.AppStore|ARM.ActiveCfg = Debug|Any CPU
		{2FB85EE8-BE90-461D-91AB-916AE20B83E0}.AppStore|ARM.Build.0 = Debug|Any CPU
		{2FB85EE8-BE90-461D-91AB-916AE20B83E0}.AppStore|ARM64.ActiveCfg = Debug|Any CPU
		{2FB85EE8-BE90-461D-91AB-916AE20B83E0}.AppStore|ARM64.Build.0 = Debug|Any CPU
		{2FB85EE8-BE90-461D-91AB-916AE20B83E0}.AppStore|iPhone.ActiveCfg = Debug|Any CPU
		{2FB85EE8-BE90-461D-91AB-916AE20B83E0}.AppStore|iPhone.Build.0 = Debug|Any CPU
		{2FB85EE8-BE90-461D-91AB-916AE20B83E0}.AppStore|iPhoneSimulator.ActiveCfg = Debug|Any CPU
		{2FB85EE8-BE90-461D-91AB-916AE20B83E0}.AppStore|iPhoneSimulator.Build.0 = Debug|Any CPU
		{2FB85EE8-BE90-461D-91AB-916AE20B83E0}.AppStore|x64.ActiveCfg = Debug|Any CPU
		{2FB85EE8-BE90-461D-91AB-916AE20B83E0}.AppStore|x64.Build.0 = Debug|Any CPU
		{2FB85EE8-BE90-461D-91AB-916AE20B83E0}.AppStore|x86.ActiveCfg = Debug|Any CPU
		{2FB85EE8-BE90-461D-91AB-916AE20B83E0}.AppStore|x86.Build.0 = Debug|Any CPU
		{2FB85EE8-BE90-461D-91AB-916AE20B83E0}.Debug|Any CPU.ActiveCfg = Debug|Any CPU
		{2FB85EE8-BE90-461D-91AB-916AE20B83E0}.Debug|ARM.ActiveCfg = Debug|Any CPU
		{2FB85EE8-BE90-461D-91AB-916AE20B83E0}.Debug|ARM.Build.0 = Debug|Any CPU
		{2FB85EE8-BE90-461D-91AB-916AE20B83E0}.Debug|ARM64.ActiveCfg = Debug|Any CPU
		{2FB85EE8-BE90-461D-91AB-916AE20B83E0}.Debug|ARM64.Build.0 = Debug|Any CPU
		{2FB85EE8-BE90-461D-91AB-916AE20B83E0}.Debug|iPhone.ActiveCfg = Debug|Any CPU
		{2FB85EE8-BE90-461D-91AB-916AE20B83E0}.Debug|iPhone.Build.0 = Debug|Any CPU
		{2FB85EE8-BE90-461D-91AB-916AE20B83E0}.Debug|iPhoneSimulator.ActiveCfg = Debug|Any CPU
		{2FB85EE8-BE90-461D-91AB-916AE20B83E0}.Debug|iPhoneSimulator.Build.0 = Debug|Any CPU
		{2FB85EE8-BE90-461D-91AB-916AE20B83E0}.Debug|x64.ActiveCfg = Debug|Any CPU
		{2FB85EE8-BE90-461D-91AB-916AE20B83E0}.Debug|x64.Build.0 = Debug|Any CPU
		{2FB85EE8-BE90-461D-91AB-916AE20B83E0}.Debug|x86.ActiveCfg = Debug|Any CPU
		{2FB85EE8-BE90-461D-91AB-916AE20B83E0}.Debug|x86.Build.0 = Debug|Any CPU
		{2FB85EE8-BE90-461D-91AB-916AE20B83E0}.Release|Any CPU.ActiveCfg = Release|Any CPU
		{2FB85EE8-BE90-461D-91AB-916AE20B83E0}.Release|Any CPU.Build.0 = Release|Any CPU
		{2FB85EE8-BE90-461D-91AB-916AE20B83E0}.Release|ARM.ActiveCfg = Release|Any CPU
		{2FB85EE8-BE90-461D-91AB-916AE20B83E0}.Release|ARM.Build.0 = Release|Any CPU
		{2FB85EE8-BE90-461D-91AB-916AE20B83E0}.Release|ARM64.ActiveCfg = Release|Any CPU
		{2FB85EE8-BE90-461D-91AB-916AE20B83E0}.Release|ARM64.Build.0 = Release|Any CPU
		{2FB85EE8-BE90-461D-91AB-916AE20B83E0}.Release|iPhone.ActiveCfg = Release|Any CPU
		{2FB85EE8-BE90-461D-91AB-916AE20B83E0}.Release|iPhone.Build.0 = Release|Any CPU
		{2FB85EE8-BE90-461D-91AB-916AE20B83E0}.Release|iPhoneSimulator.ActiveCfg = Release|Any CPU
		{2FB85EE8-BE90-461D-91AB-916AE20B83E0}.Release|iPhoneSimulator.Build.0 = Release|Any CPU
		{2FB85EE8-BE90-461D-91AB-916AE20B83E0}.Release|x64.ActiveCfg = Release|Any CPU
		{2FB85EE8-BE90-461D-91AB-916AE20B83E0}.Release|x64.Build.0 = Release|Any CPU
		{2FB85EE8-BE90-461D-91AB-916AE20B83E0}.Release|x86.ActiveCfg = Release|Any CPU
		{2FB85EE8-BE90-461D-91AB-916AE20B83E0}.Release|x86.Build.0 = Release|Any CPU
		{04D41153-A910-4CBE-9702-F98C3F2F93B0}.Ad-Hoc|Any CPU.ActiveCfg = Debug|Any CPU
		{04D41153-A910-4CBE-9702-F98C3F2F93B0}.Ad-Hoc|Any CPU.Build.0 = Debug|Any CPU
		{04D41153-A910-4CBE-9702-F98C3F2F93B0}.Ad-Hoc|ARM.ActiveCfg = Debug|Any CPU
		{04D41153-A910-4CBE-9702-F98C3F2F93B0}.Ad-Hoc|ARM.Build.0 = Debug|Any CPU
		{04D41153-A910-4CBE-9702-F98C3F2F93B0}.Ad-Hoc|ARM64.ActiveCfg = Debug|Any CPU
		{04D41153-A910-4CBE-9702-F98C3F2F93B0}.Ad-Hoc|ARM64.Build.0 = Debug|Any CPU
		{04D41153-A910-4CBE-9702-F98C3F2F93B0}.Ad-Hoc|iPhone.ActiveCfg = Debug|Any CPU
		{04D41153-A910-4CBE-9702-F98C3F2F93B0}.Ad-Hoc|iPhone.Build.0 = Debug|Any CPU
		{04D41153-A910-4CBE-9702-F98C3F2F93B0}.Ad-Hoc|iPhoneSimulator.ActiveCfg = Debug|Any CPU
		{04D41153-A910-4CBE-9702-F98C3F2F93B0}.Ad-Hoc|iPhoneSimulator.Build.0 = Debug|Any CPU
		{04D41153-A910-4CBE-9702-F98C3F2F93B0}.Ad-Hoc|x64.ActiveCfg = Debug|Any CPU
		{04D41153-A910-4CBE-9702-F98C3F2F93B0}.Ad-Hoc|x64.Build.0 = Debug|Any CPU
		{04D41153-A910-4CBE-9702-F98C3F2F93B0}.Ad-Hoc|x86.ActiveCfg = Debug|Any CPU
		{04D41153-A910-4CBE-9702-F98C3F2F93B0}.Ad-Hoc|x86.Build.0 = Debug|Any CPU
		{04D41153-A910-4CBE-9702-F98C3F2F93B0}.AppStore|Any CPU.ActiveCfg = Debug|Any CPU
		{04D41153-A910-4CBE-9702-F98C3F2F93B0}.AppStore|Any CPU.Build.0 = Debug|Any CPU
		{04D41153-A910-4CBE-9702-F98C3F2F93B0}.AppStore|ARM.ActiveCfg = Debug|Any CPU
		{04D41153-A910-4CBE-9702-F98C3F2F93B0}.AppStore|ARM.Build.0 = Debug|Any CPU
		{04D41153-A910-4CBE-9702-F98C3F2F93B0}.AppStore|ARM64.ActiveCfg = Debug|Any CPU
		{04D41153-A910-4CBE-9702-F98C3F2F93B0}.AppStore|ARM64.Build.0 = Debug|Any CPU
		{04D41153-A910-4CBE-9702-F98C3F2F93B0}.AppStore|iPhone.ActiveCfg = Debug|Any CPU
		{04D41153-A910-4CBE-9702-F98C3F2F93B0}.AppStore|iPhone.Build.0 = Debug|Any CPU
		{04D41153-A910-4CBE-9702-F98C3F2F93B0}.AppStore|iPhoneSimulator.ActiveCfg = Debug|Any CPU
		{04D41153-A910-4CBE-9702-F98C3F2F93B0}.AppStore|iPhoneSimulator.Build.0 = Debug|Any CPU
		{04D41153-A910-4CBE-9702-F98C3F2F93B0}.AppStore|x64.ActiveCfg = Debug|Any CPU
		{04D41153-A910-4CBE-9702-F98C3F2F93B0}.AppStore|x64.Build.0 = Debug|Any CPU
		{04D41153-A910-4CBE-9702-F98C3F2F93B0}.AppStore|x86.ActiveCfg = Debug|Any CPU
		{04D41153-A910-4CBE-9702-F98C3F2F93B0}.AppStore|x86.Build.0 = Debug|Any CPU
		{04D41153-A910-4CBE-9702-F98C3F2F93B0}.Debug|Any CPU.ActiveCfg = Debug|Any CPU
		{04D41153-A910-4CBE-9702-F98C3F2F93B0}.Debug|ARM.ActiveCfg = Debug|Any CPU
		{04D41153-A910-4CBE-9702-F98C3F2F93B0}.Debug|ARM.Build.0 = Debug|Any CPU
		{04D41153-A910-4CBE-9702-F98C3F2F93B0}.Debug|ARM64.ActiveCfg = Debug|Any CPU
		{04D41153-A910-4CBE-9702-F98C3F2F93B0}.Debug|ARM64.Build.0 = Debug|Any CPU
		{04D41153-A910-4CBE-9702-F98C3F2F93B0}.Debug|iPhone.ActiveCfg = Debug|Any CPU
		{04D41153-A910-4CBE-9702-F98C3F2F93B0}.Debug|iPhone.Build.0 = Debug|Any CPU
		{04D41153-A910-4CBE-9702-F98C3F2F93B0}.Debug|iPhoneSimulator.ActiveCfg = Debug|Any CPU
		{04D41153-A910-4CBE-9702-F98C3F2F93B0}.Debug|iPhoneSimulator.Build.0 = Debug|Any CPU
		{04D41153-A910-4CBE-9702-F98C3F2F93B0}.Debug|x64.ActiveCfg = Debug|Any CPU
		{04D41153-A910-4CBE-9702-F98C3F2F93B0}.Debug|x64.Build.0 = Debug|Any CPU
		{04D41153-A910-4CBE-9702-F98C3F2F93B0}.Debug|x86.ActiveCfg = Debug|Any CPU
		{04D41153-A910-4CBE-9702-F98C3F2F93B0}.Debug|x86.Build.0 = Debug|Any CPU
		{04D41153-A910-4CBE-9702-F98C3F2F93B0}.Release|Any CPU.ActiveCfg = Release|Any CPU
		{04D41153-A910-4CBE-9702-F98C3F2F93B0}.Release|Any CPU.Build.0 = Release|Any CPU
		{04D41153-A910-4CBE-9702-F98C3F2F93B0}.Release|ARM.ActiveCfg = Release|Any CPU
		{04D41153-A910-4CBE-9702-F98C3F2F93B0}.Release|ARM.Build.0 = Release|Any CPU
		{04D41153-A910-4CBE-9702-F98C3F2F93B0}.Release|ARM64.ActiveCfg = Release|Any CPU
		{04D41153-A910-4CBE-9702-F98C3F2F93B0}.Release|ARM64.Build.0 = Release|Any CPU
		{04D41153-A910-4CBE-9702-F98C3F2F93B0}.Release|iPhone.ActiveCfg = Release|Any CPU
		{04D41153-A910-4CBE-9702-F98C3F2F93B0}.Release|iPhone.Build.0 = Release|Any CPU
		{04D41153-A910-4CBE-9702-F98C3F2F93B0}.Release|iPhoneSimulator.ActiveCfg = Release|Any CPU
		{04D41153-A910-4CBE-9702-F98C3F2F93B0}.Release|iPhoneSimulator.Build.0 = Release|Any CPU
		{04D41153-A910-4CBE-9702-F98C3F2F93B0}.Release|x64.ActiveCfg = Release|Any CPU
		{04D41153-A910-4CBE-9702-F98C3F2F93B0}.Release|x64.Build.0 = Release|Any CPU
		{04D41153-A910-4CBE-9702-F98C3F2F93B0}.Release|x86.ActiveCfg = Release|Any CPU
		{04D41153-A910-4CBE-9702-F98C3F2F93B0}.Release|x86.Build.0 = Release|Any CPU
		{42D38FF1-A4B9-4E3D-9239-0C5C114FC098}.Ad-Hoc|Any CPU.ActiveCfg = Debug|Any CPU
		{42D38FF1-A4B9-4E3D-9239-0C5C114FC098}.Ad-Hoc|Any CPU.Build.0 = Debug|Any CPU
		{42D38FF1-A4B9-4E3D-9239-0C5C114FC098}.Ad-Hoc|ARM.ActiveCfg = Debug|Any CPU
		{42D38FF1-A4B9-4E3D-9239-0C5C114FC098}.Ad-Hoc|ARM.Build.0 = Debug|Any CPU
		{42D38FF1-A4B9-4E3D-9239-0C5C114FC098}.Ad-Hoc|ARM64.ActiveCfg = Debug|Any CPU
		{42D38FF1-A4B9-4E3D-9239-0C5C114FC098}.Ad-Hoc|ARM64.Build.0 = Debug|Any CPU
		{42D38FF1-A4B9-4E3D-9239-0C5C114FC098}.Ad-Hoc|iPhone.ActiveCfg = Debug|Any CPU
		{42D38FF1-A4B9-4E3D-9239-0C5C114FC098}.Ad-Hoc|iPhone.Build.0 = Debug|Any CPU
		{42D38FF1-A4B9-4E3D-9239-0C5C114FC098}.Ad-Hoc|iPhoneSimulator.ActiveCfg = Debug|Any CPU
		{42D38FF1-A4B9-4E3D-9239-0C5C114FC098}.Ad-Hoc|iPhoneSimulator.Build.0 = Debug|Any CPU
		{42D38FF1-A4B9-4E3D-9239-0C5C114FC098}.Ad-Hoc|x64.ActiveCfg = Debug|Any CPU
		{42D38FF1-A4B9-4E3D-9239-0C5C114FC098}.Ad-Hoc|x64.Build.0 = Debug|Any CPU
		{42D38FF1-A4B9-4E3D-9239-0C5C114FC098}.Ad-Hoc|x86.ActiveCfg = Debug|Any CPU
		{42D38FF1-A4B9-4E3D-9239-0C5C114FC098}.Ad-Hoc|x86.Build.0 = Debug|Any CPU
		{42D38FF1-A4B9-4E3D-9239-0C5C114FC098}.AppStore|Any CPU.ActiveCfg = Debug|Any CPU
		{42D38FF1-A4B9-4E3D-9239-0C5C114FC098}.AppStore|Any CPU.Build.0 = Debug|Any CPU
		{42D38FF1-A4B9-4E3D-9239-0C5C114FC098}.AppStore|ARM.ActiveCfg = Debug|Any CPU
		{42D38FF1-A4B9-4E3D-9239-0C5C114FC098}.AppStore|ARM.Build.0 = Debug|Any CPU
		{42D38FF1-A4B9-4E3D-9239-0C5C114FC098}.AppStore|ARM64.ActiveCfg = Debug|Any CPU
		{42D38FF1-A4B9-4E3D-9239-0C5C114FC098}.AppStore|ARM64.Build.0 = Debug|Any CPU
		{42D38FF1-A4B9-4E3D-9239-0C5C114FC098}.AppStore|iPhone.ActiveCfg = Debug|Any CPU
		{42D38FF1-A4B9-4E3D-9239-0C5C114FC098}.AppStore|iPhone.Build.0 = Debug|Any CPU
		{42D38FF1-A4B9-4E3D-9239-0C5C114FC098}.AppStore|iPhoneSimulator.ActiveCfg = Debug|Any CPU
		{42D38FF1-A4B9-4E3D-9239-0C5C114FC098}.AppStore|iPhoneSimulator.Build.0 = Debug|Any CPU
		{42D38FF1-A4B9-4E3D-9239-0C5C114FC098}.AppStore|x64.ActiveCfg = Debug|Any CPU
		{42D38FF1-A4B9-4E3D-9239-0C5C114FC098}.AppStore|x64.Build.0 = Debug|Any CPU
		{42D38FF1-A4B9-4E3D-9239-0C5C114FC098}.AppStore|x86.ActiveCfg = Debug|Any CPU
		{42D38FF1-A4B9-4E3D-9239-0C5C114FC098}.AppStore|x86.Build.0 = Debug|Any CPU
		{42D38FF1-A4B9-4E3D-9239-0C5C114FC098}.Debug|Any CPU.ActiveCfg = Debug|Any CPU
		{42D38FF1-A4B9-4E3D-9239-0C5C114FC098}.Debug|ARM.ActiveCfg = Debug|Any CPU
		{42D38FF1-A4B9-4E3D-9239-0C5C114FC098}.Debug|ARM.Build.0 = Debug|Any CPU
		{42D38FF1-A4B9-4E3D-9239-0C5C114FC098}.Debug|ARM64.ActiveCfg = Debug|Any CPU
		{42D38FF1-A4B9-4E3D-9239-0C5C114FC098}.Debug|ARM64.Build.0 = Debug|Any CPU
		{42D38FF1-A4B9-4E3D-9239-0C5C114FC098}.Debug|iPhone.ActiveCfg = Debug|Any CPU
		{42D38FF1-A4B9-4E3D-9239-0C5C114FC098}.Debug|iPhone.Build.0 = Debug|Any CPU
		{42D38FF1-A4B9-4E3D-9239-0C5C114FC098}.Debug|iPhoneSimulator.ActiveCfg = Debug|Any CPU
		{42D38FF1-A4B9-4E3D-9239-0C5C114FC098}.Debug|iPhoneSimulator.Build.0 = Debug|Any CPU
		{42D38FF1-A4B9-4E3D-9239-0C5C114FC098}.Debug|x64.ActiveCfg = Debug|Any CPU
		{42D38FF1-A4B9-4E3D-9239-0C5C114FC098}.Debug|x64.Build.0 = Debug|Any CPU
		{42D38FF1-A4B9-4E3D-9239-0C5C114FC098}.Debug|x86.ActiveCfg = Debug|Any CPU
		{42D38FF1-A4B9-4E3D-9239-0C5C114FC098}.Debug|x86.Build.0 = Debug|Any CPU
		{42D38FF1-A4B9-4E3D-9239-0C5C114FC098}.Release|Any CPU.ActiveCfg = Release|Any CPU
		{42D38FF1-A4B9-4E3D-9239-0C5C114FC098}.Release|Any CPU.Build.0 = Release|Any CPU
		{42D38FF1-A4B9-4E3D-9239-0C5C114FC098}.Release|ARM.ActiveCfg = Release|Any CPU
		{42D38FF1-A4B9-4E3D-9239-0C5C114FC098}.Release|ARM.Build.0 = Release|Any CPU
		{42D38FF1-A4B9-4E3D-9239-0C5C114FC098}.Release|ARM64.ActiveCfg = Release|Any CPU
		{42D38FF1-A4B9-4E3D-9239-0C5C114FC098}.Release|ARM64.Build.0 = Release|Any CPU
		{42D38FF1-A4B9-4E3D-9239-0C5C114FC098}.Release|iPhone.ActiveCfg = Release|Any CPU
		{42D38FF1-A4B9-4E3D-9239-0C5C114FC098}.Release|iPhone.Build.0 = Release|Any CPU
		{42D38FF1-A4B9-4E3D-9239-0C5C114FC098}.Release|iPhoneSimulator.ActiveCfg = Release|Any CPU
		{42D38FF1-A4B9-4E3D-9239-0C5C114FC098}.Release|iPhoneSimulator.Build.0 = Release|Any CPU
		{42D38FF1-A4B9-4E3D-9239-0C5C114FC098}.Release|x64.ActiveCfg = Release|Any CPU
		{42D38FF1-A4B9-4E3D-9239-0C5C114FC098}.Release|x64.Build.0 = Release|Any CPU
		{42D38FF1-A4B9-4E3D-9239-0C5C114FC098}.Release|x86.ActiveCfg = Release|Any CPU
		{42D38FF1-A4B9-4E3D-9239-0C5C114FC098}.Release|x86.Build.0 = Release|Any CPU
		{6639C6A1-0BA0-41E7-BAF1-19D7913AA409}.Ad-Hoc|Any CPU.ActiveCfg = Debug|Any CPU
		{6639C6A1-0BA0-41E7-BAF1-19D7913AA409}.Ad-Hoc|Any CPU.Build.0 = Debug|Any CPU
		{6639C6A1-0BA0-41E7-BAF1-19D7913AA409}.Ad-Hoc|ARM.ActiveCfg = Debug|Any CPU
		{6639C6A1-0BA0-41E7-BAF1-19D7913AA409}.Ad-Hoc|ARM.Build.0 = Debug|Any CPU
		{6639C6A1-0BA0-41E7-BAF1-19D7913AA409}.Ad-Hoc|ARM64.ActiveCfg = Debug|Any CPU
		{6639C6A1-0BA0-41E7-BAF1-19D7913AA409}.Ad-Hoc|ARM64.Build.0 = Debug|Any CPU
		{6639C6A1-0BA0-41E7-BAF1-19D7913AA409}.Ad-Hoc|iPhone.ActiveCfg = Debug|Any CPU
		{6639C6A1-0BA0-41E7-BAF1-19D7913AA409}.Ad-Hoc|iPhone.Build.0 = Debug|Any CPU
		{6639C6A1-0BA0-41E7-BAF1-19D7913AA409}.Ad-Hoc|iPhoneSimulator.ActiveCfg = Debug|Any CPU
		{6639C6A1-0BA0-41E7-BAF1-19D7913AA409}.Ad-Hoc|iPhoneSimulator.Build.0 = Debug|Any CPU
		{6639C6A1-0BA0-41E7-BAF1-19D7913AA409}.Ad-Hoc|x64.ActiveCfg = Debug|Any CPU
		{6639C6A1-0BA0-41E7-BAF1-19D7913AA409}.Ad-Hoc|x64.Build.0 = Debug|Any CPU
		{6639C6A1-0BA0-41E7-BAF1-19D7913AA409}.Ad-Hoc|x86.ActiveCfg = Debug|Any CPU
		{6639C6A1-0BA0-41E7-BAF1-19D7913AA409}.Ad-Hoc|x86.Build.0 = Debug|Any CPU
		{6639C6A1-0BA0-41E7-BAF1-19D7913AA409}.AppStore|Any CPU.ActiveCfg = Debug|Any CPU
		{6639C6A1-0BA0-41E7-BAF1-19D7913AA409}.AppStore|Any CPU.Build.0 = Debug|Any CPU
		{6639C6A1-0BA0-41E7-BAF1-19D7913AA409}.AppStore|ARM.ActiveCfg = Debug|Any CPU
		{6639C6A1-0BA0-41E7-BAF1-19D7913AA409}.AppStore|ARM.Build.0 = Debug|Any CPU
		{6639C6A1-0BA0-41E7-BAF1-19D7913AA409}.AppStore|ARM64.ActiveCfg = Debug|Any CPU
		{6639C6A1-0BA0-41E7-BAF1-19D7913AA409}.AppStore|ARM64.Build.0 = Debug|Any CPU
		{6639C6A1-0BA0-41E7-BAF1-19D7913AA409}.AppStore|iPhone.ActiveCfg = Debug|Any CPU
		{6639C6A1-0BA0-41E7-BAF1-19D7913AA409}.AppStore|iPhone.Build.0 = Debug|Any CPU
		{6639C6A1-0BA0-41E7-BAF1-19D7913AA409}.AppStore|iPhoneSimulator.ActiveCfg = Debug|Any CPU
		{6639C6A1-0BA0-41E7-BAF1-19D7913AA409}.AppStore|iPhoneSimulator.Build.0 = Debug|Any CPU
		{6639C6A1-0BA0-41E7-BAF1-19D7913AA409}.AppStore|x64.ActiveCfg = Debug|Any CPU
		{6639C6A1-0BA0-41E7-BAF1-19D7913AA409}.AppStore|x64.Build.0 = Debug|Any CPU
		{6639C6A1-0BA0-41E7-BAF1-19D7913AA409}.AppStore|x86.ActiveCfg = Debug|Any CPU
		{6639C6A1-0BA0-41E7-BAF1-19D7913AA409}.AppStore|x86.Build.0 = Debug|Any CPU
		{6639C6A1-0BA0-41E7-BAF1-19D7913AA409}.Debug|Any CPU.ActiveCfg = Debug|Any CPU
		{6639C6A1-0BA0-41E7-BAF1-19D7913AA409}.Debug|ARM.ActiveCfg = Debug|Any CPU
		{6639C6A1-0BA0-41E7-BAF1-19D7913AA409}.Debug|ARM.Build.0 = Debug|Any CPU
		{6639C6A1-0BA0-41E7-BAF1-19D7913AA409}.Debug|ARM64.ActiveCfg = Debug|Any CPU
		{6639C6A1-0BA0-41E7-BAF1-19D7913AA409}.Debug|ARM64.Build.0 = Debug|Any CPU
		{6639C6A1-0BA0-41E7-BAF1-19D7913AA409}.Debug|iPhone.ActiveCfg = Debug|Any CPU
		{6639C6A1-0BA0-41E7-BAF1-19D7913AA409}.Debug|iPhone.Build.0 = Debug|Any CPU
		{6639C6A1-0BA0-41E7-BAF1-19D7913AA409}.Debug|iPhoneSimulator.ActiveCfg = Debug|Any CPU
		{6639C6A1-0BA0-41E7-BAF1-19D7913AA409}.Debug|iPhoneSimulator.Build.0 = Debug|Any CPU
		{6639C6A1-0BA0-41E7-BAF1-19D7913AA409}.Debug|x64.ActiveCfg = Debug|Any CPU
		{6639C6A1-0BA0-41E7-BAF1-19D7913AA409}.Debug|x64.Build.0 = Debug|Any CPU
		{6639C6A1-0BA0-41E7-BAF1-19D7913AA409}.Debug|x86.ActiveCfg = Debug|Any CPU
		{6639C6A1-0BA0-41E7-BAF1-19D7913AA409}.Debug|x86.Build.0 = Debug|Any CPU
		{6639C6A1-0BA0-41E7-BAF1-19D7913AA409}.Release|Any CPU.ActiveCfg = Release|Any CPU
		{6639C6A1-0BA0-41E7-BAF1-19D7913AA409}.Release|Any CPU.Build.0 = Release|Any CPU
		{6639C6A1-0BA0-41E7-BAF1-19D7913AA409}.Release|ARM.ActiveCfg = Release|Any CPU
		{6639C6A1-0BA0-41E7-BAF1-19D7913AA409}.Release|ARM.Build.0 = Release|Any CPU
		{6639C6A1-0BA0-41E7-BAF1-19D7913AA409}.Release|ARM64.ActiveCfg = Release|Any CPU
		{6639C6A1-0BA0-41E7-BAF1-19D7913AA409}.Release|ARM64.Build.0 = Release|Any CPU
		{6639C6A1-0BA0-41E7-BAF1-19D7913AA409}.Release|iPhone.ActiveCfg = Release|Any CPU
		{6639C6A1-0BA0-41E7-BAF1-19D7913AA409}.Release|iPhone.Build.0 = Release|Any CPU
		{6639C6A1-0BA0-41E7-BAF1-19D7913AA409}.Release|iPhoneSimulator.ActiveCfg = Release|Any CPU
		{6639C6A1-0BA0-41E7-BAF1-19D7913AA409}.Release|iPhoneSimulator.Build.0 = Release|Any CPU
		{6639C6A1-0BA0-41E7-BAF1-19D7913AA409}.Release|x64.ActiveCfg = Release|Any CPU
		{6639C6A1-0BA0-41E7-BAF1-19D7913AA409}.Release|x64.Build.0 = Release|Any CPU
		{6639C6A1-0BA0-41E7-BAF1-19D7913AA409}.Release|x86.ActiveCfg = Release|Any CPU
		{6639C6A1-0BA0-41E7-BAF1-19D7913AA409}.Release|x86.Build.0 = Release|Any CPU
		{E2D0D102-B1C1-494D-BCC3-5B7C0BCD8729}.Ad-Hoc|Any CPU.ActiveCfg = Debug|Any CPU
		{E2D0D102-B1C1-494D-BCC3-5B7C0BCD8729}.Ad-Hoc|Any CPU.Build.0 = Debug|Any CPU
		{E2D0D102-B1C1-494D-BCC3-5B7C0BCD8729}.Ad-Hoc|ARM.ActiveCfg = Debug|Any CPU
		{E2D0D102-B1C1-494D-BCC3-5B7C0BCD8729}.Ad-Hoc|ARM.Build.0 = Debug|Any CPU
		{E2D0D102-B1C1-494D-BCC3-5B7C0BCD8729}.Ad-Hoc|ARM64.ActiveCfg = Debug|Any CPU
		{E2D0D102-B1C1-494D-BCC3-5B7C0BCD8729}.Ad-Hoc|ARM64.Build.0 = Debug|Any CPU
		{E2D0D102-B1C1-494D-BCC3-5B7C0BCD8729}.Ad-Hoc|iPhone.ActiveCfg = Debug|Any CPU
		{E2D0D102-B1C1-494D-BCC3-5B7C0BCD8729}.Ad-Hoc|iPhone.Build.0 = Debug|Any CPU
		{E2D0D102-B1C1-494D-BCC3-5B7C0BCD8729}.Ad-Hoc|iPhoneSimulator.ActiveCfg = Debug|Any CPU
		{E2D0D102-B1C1-494D-BCC3-5B7C0BCD8729}.Ad-Hoc|iPhoneSimulator.Build.0 = Debug|Any CPU
		{E2D0D102-B1C1-494D-BCC3-5B7C0BCD8729}.Ad-Hoc|x64.ActiveCfg = Debug|Any CPU
		{E2D0D102-B1C1-494D-BCC3-5B7C0BCD8729}.Ad-Hoc|x64.Build.0 = Debug|Any CPU
		{E2D0D102-B1C1-494D-BCC3-5B7C0BCD8729}.Ad-Hoc|x86.ActiveCfg = Debug|Any CPU
		{E2D0D102-B1C1-494D-BCC3-5B7C0BCD8729}.Ad-Hoc|x86.Build.0 = Debug|Any CPU
		{E2D0D102-B1C1-494D-BCC3-5B7C0BCD8729}.AppStore|Any CPU.ActiveCfg = Debug|Any CPU
		{E2D0D102-B1C1-494D-BCC3-5B7C0BCD8729}.AppStore|Any CPU.Build.0 = Debug|Any CPU
		{E2D0D102-B1C1-494D-BCC3-5B7C0BCD8729}.AppStore|ARM.ActiveCfg = Debug|Any CPU
		{E2D0D102-B1C1-494D-BCC3-5B7C0BCD8729}.AppStore|ARM.Build.0 = Debug|Any CPU
		{E2D0D102-B1C1-494D-BCC3-5B7C0BCD8729}.AppStore|ARM64.ActiveCfg = Debug|Any CPU
		{E2D0D102-B1C1-494D-BCC3-5B7C0BCD8729}.AppStore|ARM64.Build.0 = Debug|Any CPU
		{E2D0D102-B1C1-494D-BCC3-5B7C0BCD8729}.AppStore|iPhone.ActiveCfg = Debug|Any CPU
		{E2D0D102-B1C1-494D-BCC3-5B7C0BCD8729}.AppStore|iPhone.Build.0 = Debug|Any CPU
		{E2D0D102-B1C1-494D-BCC3-5B7C0BCD8729}.AppStore|iPhoneSimulator.ActiveCfg = Debug|Any CPU
		{E2D0D102-B1C1-494D-BCC3-5B7C0BCD8729}.AppStore|iPhoneSimulator.Build.0 = Debug|Any CPU
		{E2D0D102-B1C1-494D-BCC3-5B7C0BCD8729}.AppStore|x64.ActiveCfg = Debug|Any CPU
		{E2D0D102-B1C1-494D-BCC3-5B7C0BCD8729}.AppStore|x64.Build.0 = Debug|Any CPU
		{E2D0D102-B1C1-494D-BCC3-5B7C0BCD8729}.AppStore|x86.ActiveCfg = Debug|Any CPU
		{E2D0D102-B1C1-494D-BCC3-5B7C0BCD8729}.AppStore|x86.Build.0 = Debug|Any CPU
		{E2D0D102-B1C1-494D-BCC3-5B7C0BCD8729}.Debug|Any CPU.ActiveCfg = Debug|Any CPU
		{E2D0D102-B1C1-494D-BCC3-5B7C0BCD8729}.Debug|Any CPU.Build.0 = Debug|Any CPU
		{E2D0D102-B1C1-494D-BCC3-5B7C0BCD8729}.Debug|ARM.ActiveCfg = Debug|Any CPU
		{E2D0D102-B1C1-494D-BCC3-5B7C0BCD8729}.Debug|ARM.Build.0 = Debug|Any CPU
		{E2D0D102-B1C1-494D-BCC3-5B7C0BCD8729}.Debug|ARM64.ActiveCfg = Debug|Any CPU
		{E2D0D102-B1C1-494D-BCC3-5B7C0BCD8729}.Debug|ARM64.Build.0 = Debug|Any CPU
		{E2D0D102-B1C1-494D-BCC3-5B7C0BCD8729}.Debug|iPhone.ActiveCfg = Debug|Any CPU
		{E2D0D102-B1C1-494D-BCC3-5B7C0BCD8729}.Debug|iPhone.Build.0 = Debug|Any CPU
		{E2D0D102-B1C1-494D-BCC3-5B7C0BCD8729}.Debug|iPhoneSimulator.ActiveCfg = Debug|Any CPU
		{E2D0D102-B1C1-494D-BCC3-5B7C0BCD8729}.Debug|iPhoneSimulator.Build.0 = Debug|Any CPU
		{E2D0D102-B1C1-494D-BCC3-5B7C0BCD8729}.Debug|x64.ActiveCfg = Debug|Any CPU
		{E2D0D102-B1C1-494D-BCC3-5B7C0BCD8729}.Debug|x64.Build.0 = Debug|Any CPU
		{E2D0D102-B1C1-494D-BCC3-5B7C0BCD8729}.Debug|x86.ActiveCfg = Debug|Any CPU
		{E2D0D102-B1C1-494D-BCC3-5B7C0BCD8729}.Debug|x86.Build.0 = Debug|Any CPU
		{E2D0D102-B1C1-494D-BCC3-5B7C0BCD8729}.Release|Any CPU.ActiveCfg = Release|Any CPU
		{E2D0D102-B1C1-494D-BCC3-5B7C0BCD8729}.Release|Any CPU.Build.0 = Release|Any CPU
		{E2D0D102-B1C1-494D-BCC3-5B7C0BCD8729}.Release|ARM.ActiveCfg = Release|Any CPU
		{E2D0D102-B1C1-494D-BCC3-5B7C0BCD8729}.Release|ARM.Build.0 = Release|Any CPU
		{E2D0D102-B1C1-494D-BCC3-5B7C0BCD8729}.Release|ARM64.ActiveCfg = Release|Any CPU
		{E2D0D102-B1C1-494D-BCC3-5B7C0BCD8729}.Release|ARM64.Build.0 = Release|Any CPU
		{E2D0D102-B1C1-494D-BCC3-5B7C0BCD8729}.Release|iPhone.ActiveCfg = Release|Any CPU
		{E2D0D102-B1C1-494D-BCC3-5B7C0BCD8729}.Release|iPhone.Build.0 = Release|Any CPU
		{E2D0D102-B1C1-494D-BCC3-5B7C0BCD8729}.Release|iPhoneSimulator.ActiveCfg = Release|Any CPU
		{E2D0D102-B1C1-494D-BCC3-5B7C0BCD8729}.Release|iPhoneSimulator.Build.0 = Release|Any CPU
		{E2D0D102-B1C1-494D-BCC3-5B7C0BCD8729}.Release|x64.ActiveCfg = Release|Any CPU
		{E2D0D102-B1C1-494D-BCC3-5B7C0BCD8729}.Release|x64.Build.0 = Release|Any CPU
		{E2D0D102-B1C1-494D-BCC3-5B7C0BCD8729}.Release|x86.ActiveCfg = Release|Any CPU
		{E2D0D102-B1C1-494D-BCC3-5B7C0BCD8729}.Release|x86.Build.0 = Release|Any CPU
	EndGlobalSection
	GlobalSection(SolutionProperties) = preSolution
		HideSolutionNode = FALSE
	EndGlobalSection
	GlobalSection(NestedProjects) = preSolution
		{AF7B6219-100C-4F1E-980C-B2D21164BCE1} = {02611846-372A-4F63-90F6-7F6FE83B0753}
		{C208CB1A-2169-411B-B80B-9FCEFAEBED8D} = {02611846-372A-4F63-90F6-7F6FE83B0753}
		{C455FFEA-C82B-4746-B980-54C7B3DC1AC3} = {02611846-372A-4F63-90F6-7F6FE83B0753}
		{867DA379-102E-45EA-9CE2-BEC01D84D976} = {02611846-372A-4F63-90F6-7F6FE83B0753}
		{96101AFD-B866-4F9F-A728-27EC8B17BF71} = {02611846-372A-4F63-90F6-7F6FE83B0753}
		{2FB85EE8-BE90-461D-91AB-916AE20B83E0} = {02611846-372A-4F63-90F6-7F6FE83B0753}
		{04D41153-A910-4CBE-9702-F98C3F2F93B0} = {02611846-372A-4F63-90F6-7F6FE83B0753}
		{42D38FF1-A4B9-4E3D-9239-0C5C114FC098} = {02611846-372A-4F63-90F6-7F6FE83B0753}
		{6639C6A1-0BA0-41E7-BAF1-19D7913AA409} = {02611846-372A-4F63-90F6-7F6FE83B0753}
	EndGlobalSection
	GlobalSection(ExtensibilityGlobals) = postSolution
		SolutionGuid = {6DD342BA-1A48-4DBA-9819-B8453B746A4A}
	EndGlobalSection
EndGlobal
